
Microsoft Visual Studio Solution File, Format Version 12.00
# Visual Studio Version 16
VisualStudioVersion = 16.0.31613.86
MinimumVisualStudioVersion = 10.0.40219.1
Project("{9A19103F-16F7-4668-BE54-9A1E7A4F7556}") = "AB_ABB", "AB_ABB.csproj", "{592B596B-77AA-4771-8110-51C010273400}"
EndProject
Global
	GlobalSection(SolutionConfigurationPlatforms) = preSolution
		Debug|Any CPU = Debug|Any CPU
		Release|Any CPU = Release|Any CPU
	EndGlobalSection
	GlobalSection(ProjectConfigurationPlatforms) = postSolution
		{592B596B-77AA-4771-8110-51C010273400}.Debug|Any CPU.ActiveCfg = Debug|Any CPU
		{592B596B-77AA-4771-8110-51C010273400}.Debug|Any CPU.Build.0 = Debug|Any CPU
		{592B596B-77AA-4771-8110-51C010273400}.Release|Any CPU.ActiveCfg = Release|Any CPU
		{592B596B-77AA-4771-8110-51C010273400}.Release|Any CPU.Build.0 = Release|Any CPU
	EndGlobalSection
	GlobalSection(SolutionProperties) = preSolution
		HideSolutionNode = FALSE
	EndGlobalSection
	GlobalSection(ExtensibilityGlobals) = postSolution
		SolutionGuid = {7355019F-AEA7-44F2-AECC-1E302F33C045}
	EndGlobalSection
EndGlobal
