
Microsoft Visual Studio Solution File, Format Version 12.00
# Visual Studio Version 16
VisualStudioVersion = 16.0.31613.86
MinimumVisualStudioVersion = 10.0.40219.1
Project("{FAE04EC0-301F-11D3-BF4B-00C04F79EFBC}") = "ArvoreGenerica", "ArvoreGenerica.csproj", "{5C9825C2-E695-47D7-BCB1-E55677012404}"
EndProject
Global
	GlobalSection(SolutionConfigurationPlatforms) = preSolution
		Debug|Any CPU = Debug|Any CPU
		Release|Any CPU = Release|Any CPU
	EndGlobalSection
	GlobalSection(ProjectConfigurationPlatforms) = postSolution
		{5C9825C2-E695-47D7-BCB1-E55677012404}.Debug|Any CPU.ActiveCfg = Debug|Any CPU
		{5C9825C2-E695-47D7-BCB1-E55677012404}.Debug|Any CPU.Build.0 = Debug|Any CPU
		{5C9825C2-E695-47D7-BCB1-E55677012404}.Release|Any CPU.ActiveCfg = Release|Any CPU
		{5C9825C2-E695-47D7-BCB1-E55677012404}.Release|Any CPU.Build.0 = Release|Any CPU
	EndGlobalSection
	GlobalSection(SolutionProperties) = preSolution
		HideSolutionNode = FALSE
	EndGlobalSection
	GlobalSection(ExtensibilityGlobals) = postSolution
		SolutionGuid = {2AA0E534-5EDB-4108-87A5-C0EC0AD54916}
	EndGlobalSection
EndGlobal
